{
  "name": "esm-smoke",
  "version": "1.0.0",
  "lockfileVersion": 3,
  "requires": true,
  "packages": {
    "": {
      "name": "esm-smoke",
      "version": "1.0.0",
      "license": "ISC",
      "dependencies": {
        "random-weighted-pick": "^2.0.1"
      }
    },
    "node_modules/random-weighted-pick": {
      "version": "2.0.1",
      "resolved": "https://registry.npmjs.org/random-weighted-pick/-/random-weighted-pick-2.0.1.tgz",
      "integrity": "sha512-GZOiH3iic85boPTc0J0KoU0pwMke8IF99ywwb1pttK+PR1l5Yejak547te2cC2xeg9xyQbe3UG3CpcbPSaoFyw==",
      "license": "MIT",
      "engines": {
        "node": ">=16"
      }
    }
  }
}
